
Microsoft Visual Studio Solution File, Format Version 12.00
# Visual Studio Version 16
VisualStudioVersion = 16.0.31605.320
MinimumVisualStudioVersion = 10.0.40219.1
Project("{FAE04EC0-301F-11D3-BF4B-00C04F79EFBC}") = "Task01", "Task01.csproj", "{6A884396-C98E-41F1-A168-3DAA65F29A6A}"
EndProject
Project("{FAE04EC0-301F-11D3-BF4B-00C04F79EFBC}") = "Task02", "..\Task02\Task02.csproj", "{FE244FD3-469E-41A7-9091-723B7BA06FAB}"
EndProject
Project("{FAE04EC0-301F-11D3-BF4B-00C04F79EFBC}") = "ASCII", "..\ASCII\ASCII.csproj", "{374F1E4B-9F64-4B5C-9B52-FA23F8581FFC}"
EndProject
Project("{FAE04EC0-301F-11D3-BF4B-00C04F79EFBC}") = "Task04", "..\Task04\Task04.csproj", "{0A37BBDE-2486-4B02-8FE0-83510D550BBC}"
EndProject
Project("{FAE04EC0-301F-11D3-BF4B-00C04F79EFBC}") = "Task05", "..\Task05\Task05.csproj", "{4F6F36C8-D442-42E0-8D87-86F7ABD8514C}"
EndProject
Global
	GlobalSection(SolutionConfigurationPlatforms) = preSolution
		Debug|Any CPU = Debug|Any CPU
		Release|Any CPU = Release|Any CPU
	EndGlobalSection
	GlobalSection(ProjectConfigurationPlatforms) = postSolution
		{6A884396-C98E-41F1-A168-3DAA65F29A6A}.Debug|Any CPU.ActiveCfg = Debug|Any CPU
		{6A884396-C98E-41F1-A168-3DAA65F29A6A}.Debug|Any CPU.Build.0 = Debug|Any CPU
		{6A884396-C98E-41F1-A168-3DAA65F29A6A}.Release|Any CPU.ActiveCfg = Release|Any CPU
		{6A884396-C98E-41F1-A168-3DAA65F29A6A}.Release|Any CPU.Build.0 = Release|Any CPU
		{FE244FD3-469E-41A7-9091-723B7BA06FAB}.Debug|Any CPU.ActiveCfg = Debug|Any CPU
		{FE244FD3-469E-41A7-9091-723B7BA06FAB}.Debug|Any CPU.Build.0 = Debug|Any CPU
		{FE244FD3-469E-41A7-9091-723B7BA06FAB}.Release|Any CPU.ActiveCfg = Release|Any CPU
		{FE244FD3-469E-41A7-9091-723B7BA06FAB}.Release|Any CPU.Build.0 = Release|Any CPU
		{374F1E4B-9F64-4B5C-9B52-FA23F8581FFC}.Debug|Any CPU.ActiveCfg = Debug|Any CPU
		{374F1E4B-9F64-4B5C-9B52-FA23F8581FFC}.Debug|Any CPU.Build.0 = Debug|Any CPU
		{374F1E4B-9F64-4B5C-9B52-FA23F8581FFC}.Release|Any CPU.ActiveCfg = Release|Any CPU
		{374F1E4B-9F64-4B5C-9B52-FA23F8581FFC}.Release|Any CPU.Build.0 = Release|Any CPU
		{0A37BBDE-2486-4B02-8FE0-83510D550BBC}.Debug|Any CPU.ActiveCfg = Debug|Any CPU
		{0A37BBDE-2486-4B02-8FE0-83510D550BBC}.Debug|Any CPU.Build.0 = Debug|Any CPU
		{0A37BBDE-2486-4B02-8FE0-83510D550BBC}.Release|Any CPU.ActiveCfg = Release|Any CPU
		{0A37BBDE-2486-4B02-8FE0-83510D550BBC}.Release|Any CPU.Build.0 = Release|Any CPU
		{4F6F36C8-D442-42E0-8D87-86F7ABD8514C}.Debug|Any CPU.ActiveCfg = Debug|Any CPU
		{4F6F36C8-D442-42E0-8D87-86F7ABD8514C}.Debug|Any CPU.Build.0 = Debug|Any CPU
		{4F6F36C8-D442-42E0-8D87-86F7ABD8514C}.Release|Any CPU.ActiveCfg = Release|Any CPU
		{4F6F36C8-D442-42E0-8D87-86F7ABD8514C}.Release|Any CPU.Build.0 = Release|Any CPU
	EndGlobalSection
	GlobalSection(SolutionProperties) = preSolution
		HideSolutionNode = FALSE
	EndGlobalSection
	GlobalSection(ExtensibilityGlobals) = postSolution
		SolutionGuid = {F285CD08-7E62-423F-B826-5447E3F7C3EB}
	EndGlobalSection
EndGlobal
